<?xml version="1.0" encoding="utf-8"?>
<Project ToolsVersion="4.0" xmlns="http://schemas.microsoft.com/developer/msbuild/2003">
	<ItemGroup>
		<Filter Include="wincompat">
			<UniqueIdentifier>{97FBEA06-4B17-9C42-A65C-CE1B0DF6C621}</UniqueIdentifier>
		</Filter>
		<Filter Include="wincompat\pthread">
			<UniqueIdentifier>{ADC7F715-A2FD-9942-8225-7E521A9AC975}</UniqueIdentifier>
		</Filter>
	</ItemGroup>
	<ItemGroup>
		<ClInclude Include="..\wincompat\pthread\context.h">
			<Filter>wincompat\pthread</Filter>
		</ClInclude>
		<ClInclude Include="..\wincompat\pthread\implement.h">
			<Filter>wincompat\pthread</Filter>
		</ClInclude>
		<ClInclude Include="..\wincompat\pthread\pthread.h">
			<Filter>wincompat\pthread</Filter>
		</ClInclude>
		<ClInclude Include="..\wincompat\pthread\sched.h">
			<Filter>wincompat\pthread</Filter>
		</ClInclude>
		<ClInclude Include="..\wincompat\pthread\semaphore.h">
			<Filter>wincompat\pthread</Filter>
		</ClInclude>
	</ItemGroup>
	<ItemGroup>
		<ClCompile Include="..\wincompat\pthread\pthread.c">
			<Filter>wincompat\pthread</Filter>
		</ClCompile>
	</ItemGroup>
</Project>
