
Microsoft Visual Studio Solution File, Format Version 11.00
# Visual Studio 2010
Project("{8BC9CEB8-8B4A-11D0-8D11-00A0C91BC942}") = "ag", "ag.vcxproj", "{D05D932F-8C7F-1F44-BFDB-F5985243D8A9}"
	ProjectSection(ProjectDependencies) = postProject
		{2E5CDF48-C3C6-7549-8470-75B14362F40F} = {2E5CDF48-C3C6-7549-8470-75B14362F40F}
		{F9D0F471-B5DE-584B-A15D-7BDA985A92AD} = {F9D0F471-B5DE-584B-A15D-7BDA985A92AD}
		{A0D52E1F-F511-544B-BC39-F8D592E7C924} = {A0D52E1F-F511-544B-BC39-F8D592E7C924}
	EndProjectSection
EndProject
Project("{8BC9CEB8-8B4A-11D0-8D11-00A0C91BC942}") = "pcre", "pcre.vcxproj", "{A0D52E1F-F511-544B-BC39-F8D592E7C924}"
EndProject
Project("{8BC9CEB8-8B4A-11D0-8D11-00A0C91BC942}") = "zlib", "zlib.vcxproj", "{2E5CDF48-C3C6-7549-8470-75B14362F40F}"
EndProject
Project("{8BC9CEB8-8B4A-11D0-8D11-00A0C91BC942}") = "pthread-win32", "pthread-win32.vcxproj", "{F9D0F471-B5DE-584B-A15D-7BDA985A92AD}"
EndProject
Global
	GlobalSection(SolutionConfigurationPlatforms) = preSolution
		Debug|Win32 = Debug|Win32
		Release|Win32 = Release|Win32
		ReleaseKjk|Win32 = ReleaseKjk|Win32
	EndGlobalSection
	GlobalSection(ProjectConfigurationPlatforms) = postSolution
		{D05D932F-8C7F-1F44-BFDB-F5985243D8A9}.Debug|Win32.ActiveCfg = Debug|Win32
		{D05D932F-8C7F-1F44-BFDB-F5985243D8A9}.Debug|Win32.Build.0 = Debug|Win32
		{D05D932F-8C7F-1F44-BFDB-F5985243D8A9}.Release|Win32.ActiveCfg = Release|Win32
		{D05D932F-8C7F-1F44-BFDB-F5985243D8A9}.Release|Win32.Build.0 = Release|Win32
		{D05D932F-8C7F-1F44-BFDB-F5985243D8A9}.ReleaseKjk|Win32.ActiveCfg = ReleaseKjk|Win32
		{D05D932F-8C7F-1F44-BFDB-F5985243D8A9}.ReleaseKjk|Win32.Build.0 = ReleaseKjk|Win32
		{A0D52E1F-F511-544B-BC39-F8D592E7C924}.Debug|Win32.ActiveCfg = Debug|Win32
		{A0D52E1F-F511-544B-BC39-F8D592E7C924}.Debug|Win32.Build.0 = Debug|Win32
		{A0D52E1F-F511-544B-BC39-F8D592E7C924}.Release|Win32.ActiveCfg = Release|Win32
		{A0D52E1F-F511-544B-BC39-F8D592E7C924}.Release|Win32.Build.0 = Release|Win32
		{A0D52E1F-F511-544B-BC39-F8D592E7C924}.ReleaseKjk|Win32.ActiveCfg = ReleaseKjk|Win32
		{A0D52E1F-F511-544B-BC39-F8D592E7C924}.ReleaseKjk|Win32.Build.0 = ReleaseKjk|Win32
		{2E5CDF48-C3C6-7549-8470-75B14362F40F}.Debug|Win32.ActiveCfg = Debug|Win32
		{2E5CDF48-C3C6-7549-8470-75B14362F40F}.Debug|Win32.Build.0 = Debug|Win32
		{2E5CDF48-C3C6-7549-8470-75B14362F40F}.Release|Win32.ActiveCfg = Release|Win32
		{2E5CDF48-C3C6-7549-8470-75B14362F40F}.Release|Win32.Build.0 = Release|Win32
		{2E5CDF48-C3C6-7549-8470-75B14362F40F}.ReleaseKjk|Win32.ActiveCfg = ReleaseKjk|Win32
		{2E5CDF48-C3C6-7549-8470-75B14362F40F}.ReleaseKjk|Win32.Build.0 = ReleaseKjk|Win32
		{F9D0F471-B5DE-584B-A15D-7BDA985A92AD}.Debug|Win32.ActiveCfg = Debug|Win32
		{F9D0F471-B5DE-584B-A15D-7BDA985A92AD}.Debug|Win32.Build.0 = Debug|Win32
		{F9D0F471-B5DE-584B-A15D-7BDA985A92AD}.Release|Win32.ActiveCfg = Release|Win32
		{F9D0F471-B5DE-584B-A15D-7BDA985A92AD}.Release|Win32.Build.0 = Release|Win32
		{F9D0F471-B5DE-584B-A15D-7BDA985A92AD}.ReleaseKjk|Win32.ActiveCfg = ReleaseKjk|Win32
		{F9D0F471-B5DE-584B-A15D-7BDA985A92AD}.ReleaseKjk|Win32.Build.0 = ReleaseKjk|Win32
	EndGlobalSection
	GlobalSection(SolutionProperties) = preSolution
		HideSolutionNode = FALSE
	EndGlobalSection
EndGlobal
