<?xml version="1.0" encoding="utf-8"?>
<Project ToolsVersion="4.0" xmlns="http://schemas.microsoft.com/developer/msbuild/2003">
	<ItemGroup>
		<Filter Include="wincompat">
			<UniqueIdentifier>{CABDA1B2-5FB4-AA46-8589-0FBC64332943}</UniqueIdentifier>
		</Filter>
		<Filter Include="wincompat\pcre-8.32">
			<UniqueIdentifier>{9C1B76C8-5A15-7840-8056-BD0F4DD41261}</UniqueIdentifier>
		</Filter>
	</ItemGroup>
	<ItemGroup>
		<ClCompile Include="..\wincompat\pcre-8.32\pcre_byte_order.c">
			<Filter>wincompat\pcre-8.32</Filter>
		</ClCompile>
		<ClCompile Include="..\wincompat\pcre-8.32\pcre_chartables.c">
			<Filter>wincompat\pcre-8.32</Filter>
		</ClCompile>
		<ClCompile Include="..\wincompat\pcre-8.32\pcre_compile.c">
			<Filter>wincompat\pcre-8.32</Filter>
		</ClCompile>
		<ClCompile Include="..\wincompat\pcre-8.32\pcre_config.c">
			<Filter>wincompat\pcre-8.32</Filter>
		</ClCompile>
		<ClCompile Include="..\wincompat\pcre-8.32\pcre_dfa_exec.c">
			<Filter>wincompat\pcre-8.32</Filter>
		</ClCompile>
		<ClCompile Include="..\wincompat\pcre-8.32\pcre_exec.c">
			<Filter>wincompat\pcre-8.32</Filter>
		</ClCompile>
		<ClCompile Include="..\wincompat\pcre-8.32\pcre_fullinfo.c">
			<Filter>wincompat\pcre-8.32</Filter>
		</ClCompile>
		<ClCompile Include="..\wincompat\pcre-8.32\pcre_get.c">
			<Filter>wincompat\pcre-8.32</Filter>
		</ClCompile>
		<ClCompile Include="..\wincompat\pcre-8.32\pcre_globals.c">
			<Filter>wincompat\pcre-8.32</Filter>
		</ClCompile>
		<ClCompile Include="..\wincompat\pcre-8.32\pcre_jit_compile.c">
			<Filter>wincompat\pcre-8.32</Filter>
		</ClCompile>
		<ClCompile Include="..\wincompat\pcre-8.32\pcre_maketables.c">
			<Filter>wincompat\pcre-8.32</Filter>
		</ClCompile>
		<ClCompile Include="..\wincompat\pcre-8.32\pcre_newline.c">
			<Filter>wincompat\pcre-8.32</Filter>
		</ClCompile>
		<ClCompile Include="..\wincompat\pcre-8.32\pcre_ord2utf8.c">
			<Filter>wincompat\pcre-8.32</Filter>
		</ClCompile>
		<ClCompile Include="..\wincompat\pcre-8.32\pcre_refcount.c">
			<Filter>wincompat\pcre-8.32</Filter>
		</ClCompile>
		<ClCompile Include="..\wincompat\pcre-8.32\pcre_string_utils.c">
			<Filter>wincompat\pcre-8.32</Filter>
		</ClCompile>
		<ClCompile Include="..\wincompat\pcre-8.32\pcre_study.c">
			<Filter>wincompat\pcre-8.32</Filter>
		</ClCompile>
		<ClCompile Include="..\wincompat\pcre-8.32\pcre_tables.c">
			<Filter>wincompat\pcre-8.32</Filter>
		</ClCompile>
		<ClCompile Include="..\wincompat\pcre-8.32\pcre_ucd.c">
			<Filter>wincompat\pcre-8.32</Filter>
		</ClCompile>
		<ClCompile Include="..\wincompat\pcre-8.32\pcre_valid_utf8.c">
			<Filter>wincompat\pcre-8.32</Filter>
		</ClCompile>
		<ClCompile Include="..\wincompat\pcre-8.32\pcre_version.c">
			<Filter>wincompat\pcre-8.32</Filter>
		</ClCompile>
		<ClCompile Include="..\wincompat\pcre-8.32\pcre_xclass.c">
			<Filter>wincompat\pcre-8.32</Filter>
		</ClCompile>
	</ItemGroup>
</Project>
